
Microsoft Visual Studio Solution File, Format Version 12.00
# Visual Studio Version 17
VisualStudioVersion = 17.1.32210.238
MinimumVisualStudioVersion = 10.0.40219.1
Project("{FAE04EC0-301F-11D3-BF4B-00C04F79EFBC}") = "Products", "Products\Products.csproj", "{F66A9BB8-F3D6-462C-B101-627725BAD2EE}"
EndProject
Global
	GlobalSection(SolutionConfigurationPlatforms) = preSolution
		Debug|Any CPU = Debug|Any CPU
		Release|Any CPU = Release|Any CPU
	EndGlobalSection
	GlobalSection(ProjectConfigurationPlatforms) = postSolution
		{F66A9BB8-F3D6-462C-B101-627725BAD2EE}.Debug|Any CPU.ActiveCfg = Debug|Any CPU
		{F66A9BB8-F3D6-462C-B101-627725BAD2EE}.Debug|Any CPU.Build.0 = Debug|Any CPU
		{F66A9BB8-F3D6-462C-B101-627725BAD2EE}.Release|Any CPU.ActiveCfg = Release|Any CPU
		{F66A9BB8-F3D6-462C-B101-627725BAD2EE}.Release|Any CPU.Build.0 = Release|Any CPU
	EndGlobalSection
	GlobalSection(SolutionProperties) = preSolution
		HideSolutionNode = FALSE
	EndGlobalSection
	GlobalSection(ExtensibilityGlobals) = postSolution
		SolutionGuid = {6CA2F021-CD25-418F-A2CD-8D85EE80291E}
	EndGlobalSection
EndGlobal
